
Microsoft Visual Studio Solution File, Format Version 12.00
# Visual Studio Version 17
VisualStudioVersion = 17.5.002.0
MinimumVisualStudioVersion = 10.0.40219.1
Project("{9A19103F-16F7-4668-BE54-9A1E7A4F7556}") = "fazenda2", "fazenda2.csproj", "{83014A83-9446-4D2D-96BE-DF9105B87144}"
EndProject
Global
	GlobalSection(SolutionConfigurationPlatforms) = preSolution
		Debug|Any CPU = Debug|Any CPU
		Release|Any CPU = Release|Any CPU
	EndGlobalSection
	GlobalSection(ProjectConfigurationPlatforms) = postSolution
		{83014A83-9446-4D2D-96BE-DF9105B87144}.Debug|Any CPU.ActiveCfg = Debug|Any CPU
		{83014A83-9446-4D2D-96BE-DF9105B87144}.Debug|Any CPU.Build.0 = Debug|Any CPU
		{83014A83-9446-4D2D-96BE-DF9105B87144}.Release|Any CPU.ActiveCfg = Release|Any CPU
		{83014A83-9446-4D2D-96BE-DF9105B87144}.Release|Any CPU.Build.0 = Release|Any CPU
	EndGlobalSection
	GlobalSection(SolutionProperties) = preSolution
		HideSolutionNode = FALSE
	EndGlobalSection
	GlobalSection(ExtensibilityGlobals) = postSolution
		SolutionGuid = {2B5E0F4F-03F6-4007-96AD-45E91E1A76BF}
	EndGlobalSection
EndGlobal
